
Microsoft Visual Studio Solution File, Format Version 12.00
# Visual Studio Version 17
VisualStudioVersion = 17.14.37012.4 d17.14
MinimumVisualStudioVersion = 10.0.40219.1
Project("{8BC9CEB8-8B4A-11D0-8D11-00A0C91BC942}") = "Lab Assignment #2", "Lab Assignment #2.vcxproj", "{C617FB06-D7F8-41DE-B3A7-76D907BE4873}"
EndProject
Global
	GlobalSection(SolutionConfigurationPlatforms) = preSolution
		Debug|x64 = Debug|x64
		Debug|x86 = Debug|x86
		Release|x64 = Release|x64
		Release|x86 = Release|x86
	EndGlobalSection
	GlobalSection(ProjectConfigurationPlatforms) = postSolution
		{C617FB06-D7F8-41DE-B3A7-76D907BE4873}.Debug|x64.ActiveCfg = Debug|x64
		{C617FB06-D7F8-41DE-B3A7-76D907BE4873}.Debug|x64.Build.0 = Debug|x64
		{C617FB06-D7F8-41DE-B3A7-76D907BE4873}.Debug|x86.ActiveCfg = Debug|Win32
		{C617FB06-D7F8-41DE-B3A7-76D907BE4873}.Debug|x86.Build.0 = Debug|Win32
		{C617FB06-D7F8-41DE-B3A7-76D907BE4873}.Release|x64.ActiveCfg = Release|x64
		{C617FB06-D7F8-41DE-B3A7-76D907BE4873}.Release|x64.Build.0 = Release|x64
		{C617FB06-D7F8-41DE-B3A7-76D907BE4873}.Release|x86.ActiveCfg = Release|Win32
		{C617FB06-D7F8-41DE-B3A7-76D907BE4873}.Release|x86.Build.0 = Release|Win32
	EndGlobalSection
	GlobalSection(SolutionProperties) = preSolution
		HideSolutionNode = FALSE
	EndGlobalSection
	GlobalSection(ExtensibilityGlobals) = postSolution
		SolutionGuid = {D7EF0319-FD9E-4978-A43C-219989504C22}
	EndGlobalSection
EndGlobal
