
Microsoft Visual Studio Solution File, Format Version 12.00
# Visual Studio Version 17
VisualStudioVersion = 17.14.37012.4 d17.14
MinimumVisualStudioVersion = 10.0.40219.1
Project("{8BC9CEB8-8B4A-11D0-8D11-00A0C91BC942}") = "Lab Assignment #1", "Lab Assignment #1.vcxproj", "{09B03507-FE6F-4968-B2FF-8D9013F1874D}"
EndProject
Global
	GlobalSection(SolutionConfigurationPlatforms) = preSolution
		Debug|x64 = Debug|x64
		Debug|x86 = Debug|x86
		Release|x64 = Release|x64
		Release|x86 = Release|x86
	EndGlobalSection
	GlobalSection(ProjectConfigurationPlatforms) = postSolution
		{09B03507-FE6F-4968-B2FF-8D9013F1874D}.Debug|x64.ActiveCfg = Debug|x64
		{09B03507-FE6F-4968-B2FF-8D9013F1874D}.Debug|x64.Build.0 = Debug|x64
		{09B03507-FE6F-4968-B2FF-8D9013F1874D}.Debug|x86.ActiveCfg = Debug|Win32
		{09B03507-FE6F-4968-B2FF-8D9013F1874D}.Debug|x86.Build.0 = Debug|Win32
		{09B03507-FE6F-4968-B2FF-8D9013F1874D}.Release|x64.ActiveCfg = Release|x64
		{09B03507-FE6F-4968-B2FF-8D9013F1874D}.Release|x64.Build.0 = Release|x64
		{09B03507-FE6F-4968-B2FF-8D9013F1874D}.Release|x86.ActiveCfg = Release|Win32
		{09B03507-FE6F-4968-B2FF-8D9013F1874D}.Release|x86.Build.0 = Release|Win32
	EndGlobalSection
	GlobalSection(SolutionProperties) = preSolution
		HideSolutionNode = FALSE
	EndGlobalSection
	GlobalSection(ExtensibilityGlobals) = postSolution
		SolutionGuid = {8A7F9135-F58A-4225-B771-B93C2700423C}
	EndGlobalSection
EndGlobal
